
Microsoft Visual Studio Solution File, Format Version 12.00
# Visual Studio 15
VisualStudioVersion = 15.0.27130.2036
MinimumVisualStudioVersion = 10.0.40219.1
Project("{8BC9CEB8-8B4A-11D0-8D11-00A0C91BC942}") = "QSort", "QSort\QSort.vcxproj", "{6E23128F-0835-4212-891E-964E284A7A1C}"
EndProject
Project("{8BC9CEB8-8B4A-11D0-8D11-00A0C91BC942}") = "MergeSort", "MergeSort\MergeSort.vcxproj", "{D7F57342-DE7F-483D-8E80-A8B3D524000B}"
EndProject
Project("{8BC9CEB8-8B4A-11D0-8D11-00A0C91BC942}") = "LinearSelect", "LinearSelect\LinearSelect.vcxproj", "{F80CA9C1-BB52-4776-81CD-E258899C53E4}"
EndProject
Project("{8BC9CEB8-8B4A-11D0-8D11-00A0C91BC942}") = "Closet", "Closet\Closet.vcxproj", "{A9BFC085-7F2F-4423-9400-53531E8CB3A8}"
EndProject
Project("{8BC9CEB8-8B4A-11D0-8D11-00A0C91BC942}") = "LCS", "LCS\LCS.vcxproj", "{03A5FB1C-4772-45CB-B04C-578754540790}"
EndProject
Project("{8BC9CEB8-8B4A-11D0-8D11-00A0C91BC942}") = "mss", "mss\mss.vcxproj", "{D24F6452-7ADB-4D85-A1D8-1AD05E55C2B6}"
EndProject
Project("{8BC9CEB8-8B4A-11D0-8D11-00A0C91BC942}") = "Backpack", "Backpack\Backpack.vcxproj", "{5E77B936-8910-41D5-98F1-4ECBCC97D684}"
EndProject
Project("{8BC9CEB8-8B4A-11D0-8D11-00A0C91BC942}") = "Partion", "Partion\Partion.vcxproj", "{F4F76AA7-284F-498A-B722-14C4B92338A0}"
EndProject
Project("{8BC9CEB8-8B4A-11D0-8D11-00A0C91BC942}") = "Draw", "Draw\Draw.vcxproj", "{6FD5931B-71C1-4EAC-920B-8CE88368E20A}"
EndProject
Project("{8BC9CEB8-8B4A-11D0-8D11-00A0C91BC942}") = "GreedyPartition", "GreedyPartition\GreedyPartition.vcxproj", "{E8CF5FD3-C09C-4F90-9FFD-4A07040970CA}"
EndProject
Project("{8BC9CEB8-8B4A-11D0-8D11-00A0C91BC942}") = "DrawGreedy", "DrawGreedy\DrawGreedy.vcxproj", "{83EC6A83-C929-4E2D-AF28-B38A2943D413}"
EndProject
Project("{8BC9CEB8-8B4A-11D0-8D11-00A0C91BC942}") = "Huffman", "Huffman\Huffman.vcxproj", "{E44CC2B5-CFC2-4ADA-8C32-B021F958CA47}"
EndProject
Global
	GlobalSection(SolutionConfigurationPlatforms) = preSolution
		Debug|x64 = Debug|x64
		Debug|x86 = Debug|x86
		Release|x64 = Release|x64
		Release|x86 = Release|x86
	EndGlobalSection
	GlobalSection(ProjectConfigurationPlatforms) = postSolution
		{6E23128F-0835-4212-891E-964E284A7A1C}.Debug|x64.ActiveCfg = Debug|x64
		{6E23128F-0835-4212-891E-964E284A7A1C}.Debug|x64.Build.0 = Debug|x64
		{6E23128F-0835-4212-891E-964E284A7A1C}.Debug|x86.ActiveCfg = Debug|Win32
		{6E23128F-0835-4212-891E-964E284A7A1C}.Debug|x86.Build.0 = Debug|Win32
		{6E23128F-0835-4212-891E-964E284A7A1C}.Release|x64.ActiveCfg = Release|x64
		{6E23128F-0835-4212-891E-964E284A7A1C}.Release|x64.Build.0 = Release|x64
		{6E23128F-0835-4212-891E-964E284A7A1C}.Release|x86.ActiveCfg = Release|Win32
		{6E23128F-0835-4212-891E-964E284A7A1C}.Release|x86.Build.0 = Release|Win32
		{D7F57342-DE7F-483D-8E80-A8B3D524000B}.Debug|x64.ActiveCfg = Debug|x64
		{D7F57342-DE7F-483D-8E80-A8B3D524000B}.Debug|x64.Build.0 = Debug|x64
		{D7F57342-DE7F-483D-8E80-A8B3D524000B}.Debug|x86.ActiveCfg = Debug|Win32
		{D7F57342-DE7F-483D-8E80-A8B3D524000B}.Debug|x86.Build.0 = Debug|Win32
		{D7F57342-DE7F-483D-8E80-A8B3D524000B}.Release|x64.ActiveCfg = Release|x64
		{D7F57342-DE7F-483D-8E80-A8B3D524000B}.Release|x64.Build.0 = Release|x64
		{D7F57342-DE7F-483D-8E80-A8B3D524000B}.Release|x86.ActiveCfg = Release|Win32
		{D7F57342-DE7F-483D-8E80-A8B3D524000B}.Release|x86.Build.0 = Release|Win32
		{F80CA9C1-BB52-4776-81CD-E258899C53E4}.Debug|x64.ActiveCfg = Debug|x64
		{F80CA9C1-BB52-4776-81CD-E258899C53E4}.Debug|x64.Build.0 = Debug|x64
		{F80CA9C1-BB52-4776-81CD-E258899C53E4}.Debug|x86.ActiveCfg = Debug|Win32
		{F80CA9C1-BB52-4776-81CD-E258899C53E4}.Debug|x86.Build.0 = Debug|Win32
		{F80CA9C1-BB52-4776-81CD-E258899C53E4}.Release|x64.ActiveCfg = Release|x64
		{F80CA9C1-BB52-4776-81CD-E258899C53E4}.Release|x64.Build.0 = Release|x64
		{F80CA9C1-BB52-4776-81CD-E258899C53E4}.Release|x86.ActiveCfg = Release|Win32
		{F80CA9C1-BB52-4776-81CD-E258899C53E4}.Release|x86.Build.0 = Release|Win32
		{A9BFC085-7F2F-4423-9400-53531E8CB3A8}.Debug|x64.ActiveCfg = Debug|x64
		{A9BFC085-7F2F-4423-9400-53531E8CB3A8}.Debug|x64.Build.0 = Debug|x64
		{A9BFC085-7F2F-4423-9400-53531E8CB3A8}.Debug|x86.ActiveCfg = Debug|Win32
		{A9BFC085-7F2F-4423-9400-53531E8CB3A8}.Debug|x86.Build.0 = Debug|Win32
		{A9BFC085-7F2F-4423-9400-53531E8CB3A8}.Release|x64.ActiveCfg = Release|x64
		{A9BFC085-7F2F-4423-9400-53531E8CB3A8}.Release|x64.Build.0 = Release|x64
		{A9BFC085-7F2F-4423-9400-53531E8CB3A8}.Release|x86.ActiveCfg = Release|Win32
		{A9BFC085-7F2F-4423-9400-53531E8CB3A8}.Release|x86.Build.0 = Release|Win32
		{03A5FB1C-4772-45CB-B04C-578754540790}.Debug|x64.ActiveCfg = Debug|x64
		{03A5FB1C-4772-45CB-B04C-578754540790}.Debug|x64.Build.0 = Debug|x64
		{03A5FB1C-4772-45CB-B04C-578754540790}.Debug|x86.ActiveCfg = Debug|Win32
		{03A5FB1C-4772-45CB-B04C-578754540790}.Debug|x86.Build.0 = Debug|Win32
		{03A5FB1C-4772-45CB-B04C-578754540790}.Release|x64.ActiveCfg = Release|x64
		{03A5FB1C-4772-45CB-B04C-578754540790}.Release|x64.Build.0 = Release|x64
		{03A5FB1C-4772-45CB-B04C-578754540790}.Release|x86.ActiveCfg = Release|Win32
		{03A5FB1C-4772-45CB-B04C-578754540790}.Release|x86.Build.0 = Release|Win32
		{D24F6452-7ADB-4D85-A1D8-1AD05E55C2B6}.Debug|x64.ActiveCfg = Debug|x64
		{D24F6452-7ADB-4D85-A1D8-1AD05E55C2B6}.Debug|x64.Build.0 = Debug|x64
		{D24F6452-7ADB-4D85-A1D8-1AD05E55C2B6}.Debug|x86.ActiveCfg = Debug|Win32
		{D24F6452-7ADB-4D85-A1D8-1AD05E55C2B6}.Debug|x86.Build.0 = Debug|Win32
		{D24F6452-7ADB-4D85-A1D8-1AD05E55C2B6}.Release|x64.ActiveCfg = Release|x64
		{D24F6452-7ADB-4D85-A1D8-1AD05E55C2B6}.Release|x64.Build.0 = Release|x64
		{D24F6452-7ADB-4D85-A1D8-1AD05E55C2B6}.Release|x86.ActiveCfg = Release|Win32
		{D24F6452-7ADB-4D85-A1D8-1AD05E55C2B6}.Release|x86.Build.0 = Release|Win32
		{5E77B936-8910-41D5-98F1-4ECBCC97D684}.Debug|x64.ActiveCfg = Debug|x64
		{5E77B936-8910-41D5-98F1-4ECBCC97D684}.Debug|x64.Build.0 = Debug|x64
		{5E77B936-8910-41D5-98F1-4ECBCC97D684}.Debug|x86.ActiveCfg = Debug|Win32
		{5E77B936-8910-41D5-98F1-4ECBCC97D684}.Debug|x86.Build.0 = Debug|Win32
		{5E77B936-8910-41D5-98F1-4ECBCC97D684}.Release|x64.ActiveCfg = Release|x64
		{5E77B936-8910-41D5-98F1-4ECBCC97D684}.Release|x64.Build.0 = Release|x64
		{5E77B936-8910-41D5-98F1-4ECBCC97D684}.Release|x86.ActiveCfg = Release|Win32
		{5E77B936-8910-41D5-98F1-4ECBCC97D684}.Release|x86.Build.0 = Release|Win32
		{F4F76AA7-284F-498A-B722-14C4B92338A0}.Debug|x64.ActiveCfg = Debug|x64
		{F4F76AA7-284F-498A-B722-14C4B92338A0}.Debug|x64.Build.0 = Debug|x64
		{F4F76AA7-284F-498A-B722-14C4B92338A0}.Debug|x86.ActiveCfg = Debug|Win32
		{F4F76AA7-284F-498A-B722-14C4B92338A0}.Debug|x86.Build.0 = Debug|Win32
		{F4F76AA7-284F-498A-B722-14C4B92338A0}.Release|x64.ActiveCfg = Release|x64
		{F4F76AA7-284F-498A-B722-14C4B92338A0}.Release|x64.Build.0 = Release|x64
		{F4F76AA7-284F-498A-B722-14C4B92338A0}.Release|x86.ActiveCfg = Release|Win32
		{F4F76AA7-284F-498A-B722-14C4B92338A0}.Release|x86.Build.0 = Release|Win32
		{6FD5931B-71C1-4EAC-920B-8CE88368E20A}.Debug|x64.ActiveCfg = Debug|x64
		{6FD5931B-71C1-4EAC-920B-8CE88368E20A}.Debug|x64.Build.0 = Debug|x64
		{6FD5931B-71C1-4EAC-920B-8CE88368E20A}.Debug|x86.ActiveCfg = Debug|Win32
		{6FD5931B-71C1-4EAC-920B-8CE88368E20A}.Debug|x86.Build.0 = Debug|Win32
		{6FD5931B-71C1-4EAC-920B-8CE88368E20A}.Release|x64.ActiveCfg = Release|x64
		{6FD5931B-71C1-4EAC-920B-8CE88368E20A}.Release|x64.Build.0 = Release|x64
		{6FD5931B-71C1-4EAC-920B-8CE88368E20A}.Release|x86.ActiveCfg = Release|Win32
		{6FD5931B-71C1-4EAC-920B-8CE88368E20A}.Release|x86.Build.0 = Release|Win32
		{E8CF5FD3-C09C-4F90-9FFD-4A07040970CA}.Debug|x64.ActiveCfg = Debug|x64
		{E8CF5FD3-C09C-4F90-9FFD-4A07040970CA}.Debug|x64.Build.0 = Debug|x64
		{E8CF5FD3-C09C-4F90-9FFD-4A07040970CA}.Debug|x86.ActiveCfg = Debug|Win32
		{E8CF5FD3-C09C-4F90-9FFD-4A07040970CA}.Debug|x86.Build.0 = Debug|Win32
		{E8CF5FD3-C09C-4F90-9FFD-4A07040970CA}.Release|x64.ActiveCfg = Release|x64
		{E8CF5FD3-C09C-4F90-9FFD-4A07040970CA}.Release|x64.Build.0 = Release|x64
		{E8CF5FD3-C09C-4F90-9FFD-4A07040970CA}.Release|x86.ActiveCfg = Release|Win32
		{E8CF5FD3-C09C-4F90-9FFD-4A07040970CA}.Release|x86.Build.0 = Release|Win32
		{83EC6A83-C929-4E2D-AF28-B38A2943D413}.Debug|x64.ActiveCfg = Debug|x64
		{83EC6A83-C929-4E2D-AF28-B38A2943D413}.Debug|x64.Build.0 = Debug|x64
		{83EC6A83-C929-4E2D-AF28-B38A2943D413}.Debug|x86.ActiveCfg = Debug|Win32
		{83EC6A83-C929-4E2D-AF28-B38A2943D413}.Debug|x86.Build.0 = Debug|Win32
		{83EC6A83-C929-4E2D-AF28-B38A2943D413}.Release|x64.ActiveCfg = Release|x64
		{83EC6A83-C929-4E2D-AF28-B38A2943D413}.Release|x64.Build.0 = Release|x64
		{83EC6A83-C929-4E2D-AF28-B38A2943D413}.Release|x86.ActiveCfg = Release|Win32
		{83EC6A83-C929-4E2D-AF28-B38A2943D413}.Release|x86.Build.0 = Release|Win32
		{E44CC2B5-CFC2-4ADA-8C32-B021F958CA47}.Debug|x64.ActiveCfg = Debug|x64
		{E44CC2B5-CFC2-4ADA-8C32-B021F958CA47}.Debug|x64.Build.0 = Debug|x64
		{E44CC2B5-CFC2-4ADA-8C32-B021F958CA47}.Debug|x86.ActiveCfg = Debug|Win32
		{E44CC2B5-CFC2-4ADA-8C32-B021F958CA47}.Debug|x86.Build.0 = Debug|Win32
		{E44CC2B5-CFC2-4ADA-8C32-B021F958CA47}.Release|x64.ActiveCfg = Release|x64
		{E44CC2B5-CFC2-4ADA-8C32-B021F958CA47}.Release|x64.Build.0 = Release|x64
		{E44CC2B5-CFC2-4ADA-8C32-B021F958CA47}.Release|x86.ActiveCfg = Release|Win32
		{E44CC2B5-CFC2-4ADA-8C32-B021F958CA47}.Release|x86.Build.0 = Release|Win32
	EndGlobalSection
	GlobalSection(SolutionProperties) = preSolution
		HideSolutionNode = FALSE
	EndGlobalSection
	GlobalSection(ExtensibilityGlobals) = postSolution
		SolutionGuid = {77A2541C-2F4D-45C9-8A56-D7355CE6F814}
	EndGlobalSection
EndGlobal
